Microsoft Visual Studio Solution File, Format Version 12.00
# Visual Studio Version 17
VisualStudioVersion = 17.5.2.0
MinimumVisualStudioVersion = 10.0.40219.1
Project("{FAE04EC0-301F-11D3-BF4B-00C04F79EFBC}") = "Multi_Ttt_Client", "Multi_Ttt_Client.csproj", "{4EB8AA83-F6EA-D922-D0A1-5845026ABFAD}"
EndProject
Global
	GlobalSection(SolutionConfigurationPlatforms) = preSolution
		Debug|Any CPU = Debug|Any CPU
		Release|Any CPU = Release|Any CPU
	EndGlobalSection
	GlobalSection(ProjectConfigurationPlatforms) = postSolution
		{4EB8AA83-F6EA-D922-D0A1-5845026ABFAD}.Debug|Any CPU.ActiveCfg = Debug|Any CPU
		{4EB8AA83-F6EA-D922-D0A1-5845026ABFAD}.Debug|Any CPU.Build.0 = Debug|Any CPU
		{4EB8AA83-F6EA-D922-D0A1-5845026ABFAD}.Release|Any CPU.ActiveCfg = Release|Any CPU
		{4EB8AA83-F6EA-D922-D0A1-5845026ABFAD}.Release|Any CPU.Build.0 = Release|Any CPU
	EndGlobalSection
	GlobalSection(SolutionProperties) = preSolution
		HideSolutionNode = FALSE
	EndGlobalSection
	GlobalSection(ExtensibilityGlobals) = postSolution
		SolutionGuid = {8B04FA9A-E9C1-4759-93D8-3BC75868CFC9}
	EndGlobalSection
EndGlobal
